// !$*UTF8*$!
{
	archiveVersion = 1;
	classes = {
	};
	objectVersion = 46;
	objects = {

/* Begin PBXBuildFile section */
		DA8A84711DCF57C900E120BF /* AppDelegate.swift in Sources */ = {isa = PBXBuildFile; fileRef = DA8A84701DCF57C900E120BF /* AppDelegate.swift */; };
		DA8A84731DCF57C900E120BF /* ViewController.swift in Sources */ = {isa = PBXBuildFile; fileRef = DA8A84721DCF57C900E120BF /* ViewController.swift */; };
		DA8A84761DCF57C900E120BF /* Main.storyboard in Resources */ = {isa = PBXBuildFile; fileRef = DA8A84741DCF57C900E120BF /* Main.storyboard */; };
		DA8A84781DCF57C900E120BF /* Assets.xcassets in Resources */ = {isa = PBXBuildFile; fileRef = DA8A84771DCF57C900E120BF /* Assets.xcassets */; };
		DA8A847B1DCF57C900E120BF /* LaunchScreen.storyboard in Resources */ = {isa = PBXBuildFile; fileRef = DA8A84791DCF57C900E120BF /* LaunchScreen.storyboard */; };
/* End PBXBuildFile section */

/* Begin PBXFileReference section */
		DA8A846D1DCF57C900E120BF /* App Test.app */ = {isa = PBXFileReference; explicitFileType = wrapper.application; includeInIndex = 0; path = "App Test.app"; sourceTree = BUILT_PRODUCTS_DIR; };
		DA8A84701DCF57C900E120BF /* AppDelegate.swift */ = {isa = PBXFileReference; lastKnownFileType = sourcecode.swift; path = AppDelegate.swift; sourceTree = "<group>"; };
		DA8A84721DCF57C900E120BF /* ViewController.swift */ = {isa = PBXFileReference; lastKnownFileType = sourcecode.swift; path = ViewController.swift; sourceTree = "<group>"; };
		DA8A84751DCF57C900E120BF /* Base */ = {isa = PBXFileReference; lastKnownFileType = file.storyboard; name = Base; path = Base.lproj/Main.storyboard; sourceTree = "<group>"; };
		DA8A84771DCF57C900E120BF /* Assets.xcassets */ = {isa = PBXFileReference; lastKnownFileType = folder.assetcatalog; path = Assets.xcassets; sourceTree = "<group>"; };
		DA8A847A1DCF57C900E120BF /* Base */ = {isa = PBXFileReference; lastKnownFileType = file.storyboard; name = Base; path = Base.lproj/LaunchScreen.storyboard; sourceTree = "<group>"; };
		DA8A847C1DCF57C900E120BF /* Info.plist */ = {isa = PBXFileReference; lastKnownFileType = text.plist.xml; path = Info.plist; sourceTree = "<group>"; };
/* End PBXFileReference section */

/* Begin PBXFrameworksBuildPhase section */
		DA8A846A1DCF57C900E120BF /* Frameworks */ = {
			isa = PBXFrameworksBuildPhase;
			buildActionMask = 2147483647;
			files = (
			);
			runOnlyForDeploymentPostprocessing = 0;
		};
/* End PBXFrameworksBuildPhase section */

/* Begin PBXGroup section */
		DA8A84641DCF57C900E120BF = {
			isa = PBXGroup;
			children = (
				DA8A846F1DCF57C900E120BF /* App Test */,
				DA8A846E1DCF57C900E120BF /* Products */,
			);
			sourceTree = "<group>";
		};
		DA8A846E1DCF57C900E120BF /* Products */ = {
			isa = PBXGroup;
			children = (
				DA8A846D1DCF57C900E120BF /* App Test.app */,
			);
			name = Products;
			sourceTree = "<group>";
		};
		DA8A846F1DCF57C900E120BF /* App Test */ = {
			isa = PBXGroup;
			children = (
				DA8A84701DCF57C900E120BF /* AppDelegate.swift */,
				DA8A84721DCF57C900E120BF /* ViewController.swift */,
				DA8A84741DCF57C900E120BF /* Main.storyboard */,
				DA8A84771DCF57C900E120BF /* Assets.xcassets */,
				DA8A84791DCF57C900E120BF /* LaunchScreen.storyboard */,
				DA8A847C1DCF57C900E120BF /* Info.plist */,
			);
			path = "App Test";
			sourceTree = "<group>";
		};
/* End PBXGroup section */

/* Begin PBXNativeTarget section */
		DA8A846C1DCF57C900E120BF /* App Test */ = {
			isa = PBXNativeTarget;
			buildConfigurationList = DA8A847F1DCF57C900E120BF /* Build configuration list for PBXNativeTarget "App Test" */;
			buildPhases = (
				DA8A84691DCF57C900E120BF /* Sources */,
				DA8A846A1DCF57C900E120BF /* Frameworks */,
				DA8A846B1DCF57C900E120BF /* Resources */,
			);
			buildRules = (
			);
			dependencies = (
			);
			name = "App Test";
			productName = "App Test";
			productReference = DA8A846D1DCF57C900E120BF /* App Test.app */;
			productType = "com.apple.product-type.application";
		};
/* End PBXNativeTarget section */

/* Begin PBXProject section */
		DA8A84651DCF57C900E120BF /* Project object */ = {
			isa = PBXProject;
			attributes = {
				LastSwiftUpdateCheck = 0730;
				LastUpgradeCheck = 0730;
				ORGANIZATIONNAME = "Jamie Coe";
				TargetAttributes = {
					DA8A846C1DCF57C900E120BF = {
						CreatedOnToolsVersion = 7.3.1;
					};
				};
			};
			buildConfigurationList = DA8A84681DCF57C900E120BF /* Build configuration list for PBXProject "App Test" */;
			compatibilityVersion = "Xcode 3.2";
			developmentRegion = English;
			hasScannedForEncodings = 0;
			knownRegions = (
				en,
				Base,
			);
			mainGroup = DA8A84641DCF57C900E120BF;
			productRefGroup = DA8A846E1DCF57C900E120BF /* Products */;
			projectDirPath = "";
			projectRoot = "";
			targets = (
				DA8A846C1DCF57C900E120BF /* App Test */,
			);
		};
/* End PBXProject section */

/* Begin PBXResourcesBuildPhase section */
		DA8A846B1DCF57C900E120BF /* Resources */ = {
			isa = PBXResourcesBuildPhase;
			buildActionMask = 2147483647;
			files = (
				DA8A847B1DCF57C900E120BF /* LaunchScreen.storyboard in Resources */,
				DA8A84781DCF57C900E120BF /* Assets.xcassets in Resources */,
				DA8A84761DCF57C900E120BF /* Main.storyboard in Resources */,
			);
			runOnlyForDeploymentPostprocessing = 0;
		};
/* End PBXResourcesBuildPhase section */

/* Begin PBXSourcesBuildPhase section */
		DA8A84691DCF57C900E120BF /* Sources */ = {
			isa = PBXSourcesBuildPhase;
			buildActionMask = 2147483647;
			files = (
				DA8A84731DCF57C900E120BF /* ViewController.swift in Sources */,
				DA8A84711DCF57C900E120BF /* AppDelegate.swift in Sources */,
			);
			runOnlyForDeploymentPostprocessing = 0;
		};
/* End PBXSourcesBuildPhase section */

/* Begin PBXVariantGroup section */
		DA8A84741DCF57C900E120BF /* Main.storyboard */ = {
			isa = PBXVariantGroup;
			children = (
				DA8A84751DCF57C900E120BF /* Base */,
			);
			name = Main.storyboard;
			sourceTree = "<group>";
		};
		DA8A84791DCF57C900E120BF /* LaunchScreen.storyboard */ = {
			isa = PBXVariantGroup;
			children = (
				DA8A847A1DCF57C900E120BF /* Base */,
			);
			name = LaunchScreen.storyboard;
			sourceTree = "<group>";
		};
/* End PBXVariantGroup section */

/* Begin XCBuildConfiguration section */
		DA8A847D1DCF57C900E120BF /* Debug */ = {
			isa = XCBuildConfiguration;
			buildSettings = {
				ALWAYS_SEARCH_USER_PATHS = NO;
				CLANG_ANALYZER_NONNULL = YES;
				CLANG_CXX_LANGUAGE_STANDARD = "gnu++0x";
				CLANG_CXX_LIBRARY = "libc++";
				CLANG_ENABLE_MODULES = YES;
				CLANG_ENABLE_OBJC_ARC = YES;
				CLANG_WARN_BOOL_CONVERSION = YES;
				CLANG_WARN_CONSTANT_CONVERSION = YES;
				CLANG_WARN_DIRECT_OBJC_ISA_USAGE = YES_ERROR;
				CLANG_WARN_EMPTY_BODY = YES;
				CLANG_WARN_ENUM_CONVERSION = YES;
				CLANG_WARN_INT_CONVERSION = YES;
				CLANG_WARN_OBJC_ROOT_CLASS = YES_ERROR;
				CLANG_WARN_UNREACHABLE_CODE = YES;
				CLANG_WARN__DUPLICATE_METHOD_MATCH = YES;
				"CODE_SIGN_IDENTITY[sdk=iphoneos*]" = "iPhone Developer";
				COPY_PHASE_STRIP = NO;
				DEBUG_INFORMATION_FORMAT = dwarf;
				ENABLE_STRICT_OBJC_MSGSEND = YES;
				ENABLE_TESTABILITY = YES;
				GCC_C_LANGUAGE_STANDARD = gnu99;
				GCC_DYNAMIC_NO_PIC = NO;
				GCC_NO_COMMON_BLOCKS = YES;
				GCC_OPTIMIZATION_LEVEL = 0;
				GCC_PREPROCESSOR_DEFINITIONS = (
					"DEBUG=1",
					"$(inherited)",
				);
				GCC_WARN_64_TO_32_BIT_CONVERSION = YES;
				GCC_WARN_ABOUT_RETURN_TYPE = YES_ERROR;
				GCC_WARN_UNDECLARED_SELECTOR = YES;
				GCC_WARN_UNINITIALIZED_AUTOS = YES_AGGRESSIVE;
				GCC_WARN_UNUSED_FUNCTION = YES;
				GCC_WARN_UNUSED_VARIABLE = YES;
				IPHONEOS_DEPLOYMENT_TARGET = 9.3;
				MTL_ENABLE_DEBUG_INFO = YES;
				ONLY_ACTIVE_ARCH = YES;
				SDKROOT = iphoneos;
				SWIFT_OPTIMIZATION_LEVEL = "-Onone";
				TARGETED_DEVICE_FAMILY = "1,2";
			};
			name = Debug;
		};
		DA8A847E1DCF57C900E120BF /* Release */ = {
			isa = XCBuildConfiguration;
			buildSettings = {
				ALWAYS_SEARCH_USER_PATHS = NO;
				CLANG_ANALYZER_NONNULL = YES;
				CLANG_CXX_LANGUAGE_STANDARD = "gnu++0x";
				CLANG_CXX_LIBRARY = "libc++";
				CLANG_ENABLE_MODULES = YES;
				CLANG_ENABLE_OBJC_ARC = YES;
				CLANG_WARN_BOOL_CONVERSION = YES;
				CLANG_WARN_CONSTANT_CONVERSION = YES;
				CLANG_WARN_DIRECT_OBJC_ISA_USAGE = YES_ERROR;
				CLANG_WARN_EMPTY_BODY = YES;
				CLANG_WARN_ENUM_CONVERSION = YES;
				CLANG_WARN_INT_CONVERSION = YES;
				CLANG_WARN_OBJC_ROOT_CLASS = YES_ERROR;
				CLANG_WARN_UNREACHABLE_CODE = YES;
				CLANG_WARN__DUPLICATE_METHOD_MATCH = YES;
				"CODE_SIGN_IDENTITY[sdk=iphoneos*]" = "iPhone Developer";
				COPY_PHASE_STRIP = NO;
				DEBUG_INFORMATION_FORMAT = "dwarf-with-dsym";
				ENABLE_NS_ASSERTIONS = NO;
				ENABLE_STRICT_OBJC_MSGSEND = YES;
				GCC_C_LANGUAGE_STANDARD = gnu99;
				GCC_NO_COMMON_BLOCKS = YES;
				GCC_WARN_64_TO_32_BIT_CONVERSION = YES;
				GCC_WARN_ABOUT_RETURN_TYPE = YES_ERROR;
				GCC_WARN_UNDECLARED_SELECTOR = YES;
				GCC_WARN_UNINITIALIZED_AUTOS = YES_AGGRESSIVE;
				GCC_WARN_UNUSED_FUNCTION = YES;
				GCC_WARN_UNUSED_VARIABLE = YES;
				IPHONEOS_DEPLOYMENT_TARGET = 9.3;
				MTL_ENABLE_DEBUG_INFO = NO;
				SDKROOT = iphoneos;
				TARGETED_DEVICE_FAMILY = "1,2";
				VALIDATE_PRODUCT = YES;
			};
			name = Release;
		};
		DA8A84801DCF57C900E120BF /* Debug */ = {
			isa = XCBuildConfiguration;
			buildSettings = {
				ASSETCATALOG_COMPILER_APPICON_NAME = AppIcon;
				INFOPLIST_FILE = "App Test/Info.plist";
				LD_RUNPATH_SEARCH_PATHS = "$(inherited) @executable_path/Frameworks";
				PRODUCT_BUNDLE_IDENTIFIER = "com.example.jcoe.App-Test";
				PRODUCT_NAME = "$(TARGET_NAME)";
			};
			name = Debug;
		};
		DA8A84811DCF57C900E120BF /* Release */ = {
			isa = XCBuildConfiguration;
			buildSettings = {
				ASSETCATALOG_COMPILER_APPICON_NAME = AppIcon;
				INFOPLIST_FILE = "App Test/Info.plist";
				LD_RUNPATH_SEARCH_PATHS = "$(inherited) @executable_path/Frameworks";
				PRODUCT_BUNDLE_IDENTIFIER = "com.example.jcoe.App-Test";
				PRODUCT_NAME = "$(TARGET_NAME)";
			};
			name = Release;
		};
/* End XCBuildConfiguration section */

/* Begin XCConfigurationList section */
		DA8A84681DCF57C900E120BF /* Build configuration list for PBXProject "App Test" */ = {
			isa = XCConfigurationList;
			buildConfigurations = (
				DA8A847D1DCF57C900E120BF /* Debug */,
				DA8A847E1DCF57C900E120BF /* Release */,
			);
			defaultConfigurationIsVisible = 0;
			defaultConfigurationName = Release;
		};
		DA8A847F1DCF57C900E120BF /* Build configuration list for PBXNativeTarget "App Test" */ = {
			isa = XCConfigurationList;
			buildConfigurations = (
				DA8A84801DCF57C900E120BF /* Debug */,
				DA8A84811DCF57C900E120BF /* Release */,
			);
			defaultConfigurationIsVisible = 0;
		};
/* End XCConfigurationList section */
	};
	rootObject = DA8A84651DCF57C900E120BF /* Project object */;
}
